
Microsoft Visual Studio Solution File, Format Version 12.00
# Visual Studio Version 16
VisualStudioVersion = 16.0.30011.22
MinimumVisualStudioVersion = 10.0.40219.1
Project("{FAE04EC0-301F-11D3-BF4B-00C04F79EFBC}") = "ASU-BUKEP", "ASU-BUKEP\ASU-BUKEP.csproj", "{98C0C00F-ADE4-4CAF-BB09-71F82E9383FB}"
EndProject
Project("{FAE04EC0-301F-11D3-BF4B-00C04F79EFBC}") = "ENROLLEE-BUKEP", "ENROLLEE-BUKEP\ENROLLEE-BUKEP.csproj", "{75BF7611-6320-4477-B0DB-0166DCB80710}"
EndProject
Project("{2150E333-8FDC-42A3-9474-1A3956D46DE8}") = "Libraries", "Libraries", "{774BCEF2-469C-4320-9EA2-4810DED3FD9D}"
EndProject
Project("{FAE04EC0-301F-11D3-BF4B-00C04F79EFBC}") = "BUKEP.TESTS.DRIVER", "Libraries\BUKEP.TESTS.DRIVER\BUKEP.TESTS.DRIVER.csproj", "{5693009B-6653-4177-9CE9-3A2D8999057C}"
EndProject
Project("{FAE04EC0-301F-11D3-BF4B-00C04F79EFBC}") = "MY-BUKEP", "MY-BUKEP\MY-BUKEP.csproj", "{2754E0DB-33A7-4A9F-9038-A40DD0E60CE3}"
EndProject
Global
	GlobalSection(SolutionConfigurationPlatforms) = preSolution
		Debug|Any CPU = Debug|Any CPU
		Release|Any CPU = Release|Any CPU
	EndGlobalSection
	GlobalSection(ProjectConfigurationPlatforms) = postSolution
		{98C0C00F-ADE4-4CAF-BB09-71F82E9383FB}.Debug|Any CPU.ActiveCfg = Debug|Any CPU
		{98C0C00F-ADE4-4CAF-BB09-71F82E9383FB}.Debug|Any CPU.Build.0 = Debug|Any CPU
		{98C0C00F-ADE4-4CAF-BB09-71F82E9383FB}.Release|Any CPU.ActiveCfg = Release|Any CPU
		{98C0C00F-ADE4-4CAF-BB09-71F82E9383FB}.Release|Any CPU.Build.0 = Release|Any CPU
		{75BF7611-6320-4477-B0DB-0166DCB80710}.Debug|Any CPU.ActiveCfg = Debug|Any CPU
		{75BF7611-6320-4477-B0DB-0166DCB80710}.Debug|Any CPU.Build.0 = Debug|Any CPU
		{75BF7611-6320-4477-B0DB-0166DCB80710}.Release|Any CPU.ActiveCfg = Release|Any CPU
		{75BF7611-6320-4477-B0DB-0166DCB80710}.Release|Any CPU.Build.0 = Release|Any CPU
		{5693009B-6653-4177-9CE9-3A2D8999057C}.Debug|Any CPU.ActiveCfg = Debug|Any CPU
		{5693009B-6653-4177-9CE9-3A2D8999057C}.Debug|Any CPU.Build.0 = Debug|Any CPU
		{5693009B-6653-4177-9CE9-3A2D8999057C}.Release|Any CPU.ActiveCfg = Release|Any CPU
		{5693009B-6653-4177-9CE9-3A2D8999057C}.Release|Any CPU.Build.0 = Release|Any CPU
		{2754E0DB-33A7-4A9F-9038-A40DD0E60CE3}.Debug|Any CPU.ActiveCfg = Debug|Any CPU
		{2754E0DB-33A7-4A9F-9038-A40DD0E60CE3}.Debug|Any CPU.Build.0 = Debug|Any CPU
		{2754E0DB-33A7-4A9F-9038-A40DD0E60CE3}.Release|Any CPU.ActiveCfg = Release|Any CPU
		{2754E0DB-33A7-4A9F-9038-A40DD0E60CE3}.Release|Any CPU.Build.0 = Release|Any CPU
	EndGlobalSection
	GlobalSection(SolutionProperties) = preSolution
		HideSolutionNode = FALSE
	EndGlobalSection
	GlobalSection(NestedProjects) = preSolution
		{5693009B-6653-4177-9CE9-3A2D8999057C} = {774BCEF2-469C-4320-9EA2-4810DED3FD9D}
	EndGlobalSection
	GlobalSection(ExtensibilityGlobals) = postSolution
		SolutionGuid = {EA15F30B-23ED-4BE4-AC41-4E4267610FD7}
	EndGlobalSection
EndGlobal
